
Microsoft Visual Studio Solution File, Format Version 12.00
# Visual Studio Version 17
VisualStudioVersion = 17.1.32210.238
MinimumVisualStudioVersion = 10.0.40219.1
Project("{FAE04EC0-301F-11D3-BF4B-00C04F79EFBC}") = "Calculator", "Calculator.csproj", "{C24BC042-9E5B-4243-A279-36A6995ED74D}"
EndProject
Global
	GlobalSection(SolutionConfigurationPlatforms) = preSolution
		Debug|Any CPU = Debug|Any CPU
		Release|Any CPU = Release|Any CPU
	EndGlobalSection
	GlobalSection(ProjectConfigurationPlatforms) = postSolution
		{C24BC042-9E5B-4243-A279-36A6995ED74D}.Debug|Any CPU.ActiveCfg = Debug|Any CPU
		{C24BC042-9E5B-4243-A279-36A6995ED74D}.Debug|Any CPU.Build.0 = Debug|Any CPU
		{C24BC042-9E5B-4243-A279-36A6995ED74D}.Release|Any CPU.ActiveCfg = Release|Any CPU
		{C24BC042-9E5B-4243-A279-36A6995ED74D}.Release|Any CPU.Build.0 = Release|Any CPU
	EndGlobalSection
	GlobalSection(SolutionProperties) = preSolution
		HideSolutionNode = FALSE
	EndGlobalSection
	GlobalSection(ExtensibilityGlobals) = postSolution
		SolutionGuid = {FCE2B47C-C5CD-4855-B0B4-C6F915E9D8C2}
	EndGlobalSection
EndGlobal
